// !$*UTF8*$!
{
	archiveVersion = 1;
	classes = {
	};
	objectVersion = 50;
	objects = {

/* Begin PBXBuildFile section */
		462292A0225F009C00E2664D /* AppDelegate.swift in Sources */ = {isa = PBXBuildFile; fileRef = 4622929F225F009C00E2664D /* AppDelegate.swift */; };
		462292A2225F009C00E2664D /* GameScene.sks in Resources */ = {isa = PBXBuildFile; fileRef = 462292A1225F009C00E2664D /* GameScene.sks */; };
		462292A6225F009C00E2664D /* GameScene.swift in Sources */ = {isa = PBXBuildFile; fileRef = 462292A5225F009C00E2664D /* GameScene.swift */; };
		462292A8225F009C00E2664D /* GameViewController.swift in Sources */ = {isa = PBXBuildFile; fileRef = 462292A7225F009C00E2664D /* GameViewController.swift */; };
		462292AB225F009C00E2664D /* Main.storyboard in Resources */ = {isa = PBXBuildFile; fileRef = 462292A9225F009C00E2664D /* Main.storyboard */; };
		462292AD225F009D00E2664D /* Assets.xcassets in Resources */ = {isa = PBXBuildFile; fileRef = 462292AC225F009D00E2664D /* Assets.xcassets */; };
		462292B0225F009D00E2664D /* LaunchScreen.storyboard in Resources */ = {isa = PBXBuildFile; fileRef = 462292AE225F009D00E2664D /* LaunchScreen.storyboard */; };
		46ADD8CC2261A0FE00B59D7E /* FireParticles.sks in Resources */ = {isa = PBXBuildFile; fileRef = 46ADD8CB2261A0FE00B59D7E /* FireParticles.sks */; };
/* End PBXBuildFile section */

/* Begin PBXFileReference section */
		4622929C225F009C00E2664D /* Project11.app */ = {isa = PBXFileReference; explicitFileType = wrapper.application; includeInIndex = 0; path = Project11.app; sourceTree = BUILT_PRODUCTS_DIR; };
		4622929F225F009C00E2664D /* AppDelegate.swift */ = {isa = PBXFileReference; lastKnownFileType = sourcecode.swift; path = AppDelegate.swift; sourceTree = "<group>"; };
		462292A1225F009C00E2664D /* GameScene.sks */ = {isa = PBXFileReference; lastKnownFileType = file.sks; path = GameScene.sks; sourceTree = "<group>"; };
		462292A5225F009C00E2664D /* GameScene.swift */ = {isa = PBXFileReference; lastKnownFileType = sourcecode.swift; path = GameScene.swift; sourceTree = "<group>"; };
		462292A7225F009C00E2664D /* GameViewController.swift */ = {isa = PBXFileReference; lastKnownFileType = sourcecode.swift; path = GameViewController.swift; sourceTree = "<group>"; };
		462292AA225F009C00E2664D /* Base */ = {isa = PBXFileReference; lastKnownFileType = file.storyboard; name = Base; path = Base.lproj/Main.storyboard; sourceTree = "<group>"; };
		462292AC225F009D00E2664D /* Assets.xcassets */ = {isa = PBXFileReference; lastKnownFileType = folder.assetcatalog; path = Assets.xcassets; sourceTree = "<group>"; };
		462292AF225F009D00E2664D /* Base */ = {isa = PBXFileReference; lastKnownFileType = file.storyboard; name = Base; path = Base.lproj/LaunchScreen.storyboard; sourceTree = "<group>"; };
		462292B1225F009D00E2664D /* Info.plist */ = {isa = PBXFileReference; lastKnownFileType = text.plist.xml; path = Info.plist; sourceTree = "<group>"; };
		46ADD8CB2261A0FE00B59D7E /* FireParticles.sks */ = {isa = PBXFileReference; lastKnownFileType = file.sks; path = FireParticles.sks; sourceTree = "<group>"; };
/* End PBXFileReference section */

/* Begin PBXFrameworksBuildPhase section */
		46229299225F009C00E2664D /* Frameworks */ = {
			isa = PBXFrameworksBuildPhase;
			buildActionMask = 2147483647;
			files = (
			);
			runOnlyForDeploymentPostprocessing = 0;
		};
/* End PBXFrameworksBuildPhase section */

/* Begin PBXGroup section */
		46229293225F009C00E2664D = {
			isa = PBXGroup;
			children = (
				4622929E225F009C00E2664D /* Project11 */,
				4622929D225F009C00E2664D /* Products */,
			);
			sourceTree = "<group>";
		};
		4622929D225F009C00E2664D /* Products */ = {
			isa = PBXGroup;
			children = (
				4622929C225F009C00E2664D /* Project11.app */,
			);
			name = Products;
			sourceTree = "<group>";
		};
		4622929E225F009C00E2664D /* Project11 */ = {
			isa = PBXGroup;
			children = (
				4622929F225F009C00E2664D /* AppDelegate.swift */,
				462292A1225F009C00E2664D /* GameScene.sks */,
				462292A5225F009C00E2664D /* GameScene.swift */,
				462292A7225F009C00E2664D /* GameViewController.swift */,
				462292A9225F009C00E2664D /* Main.storyboard */,
				462292AC225F009D00E2664D /* Assets.xcassets */,
				462292AE225F009D00E2664D /* LaunchScreen.storyboard */,
				462292B1225F009D00E2664D /* Info.plist */,
				46ADD8CB2261A0FE00B59D7E /* FireParticles.sks */,
			);
			path = Project11;
			sourceTree = "<group>";
		};
/* End PBXGroup section */

/* Begin PBXNativeTarget section */
		4622929B225F009C00E2664D /* Project11 */ = {
			isa = PBXNativeTarget;
			buildConfigurationList = 462292B4225F009D00E2664D /* Build configuration list for PBXNativeTarget "Project11" */;
			buildPhases = (
				46229298225F009C00E2664D /* Sources */,
				46229299225F009C00E2664D /* Frameworks */,
				4622929A225F009C00E2664D /* Resources */,
			);
			buildRules = (
			);
			dependencies = (
			);
			name = Project11;
			productName = Project11;
			productReference = 4622929C225F009C00E2664D /* Project11.app */;
			productType = "com.apple.product-type.application";
		};
/* End PBXNativeTarget section */

/* Begin PBXProject section */
		46229294225F009C00E2664D /* Project object */ = {
			isa = PBXProject;
			attributes = {
				LastSwiftUpdateCheck = 1020;
				LastUpgradeCheck = 1020;
				ORGANIZATIONNAME = "Leandro Rocha";
				TargetAttributes = {
					4622929B225F009C00E2664D = {
						CreatedOnToolsVersion = 10.2;
					};
				};
			};
			buildConfigurationList = 46229297225F009C00E2664D /* Build configuration list for PBXProject "Project11" */;
			compatibilityVersion = "Xcode 9.3";
			developmentRegion = en;
			hasScannedForEncodings = 0;
			knownRegions = (
				en,
				Base,
			);
			mainGroup = 46229293225F009C00E2664D;
			productRefGroup = 4622929D225F009C00E2664D /* Products */;
			projectDirPath = "";
			projectRoot = "";
			targets = (
				4622929B225F009C00E2664D /* Project11 */,
			);
		};
/* End PBXProject section */

/* Begin PBXResourcesBuildPhase section */
		4622929A225F009C00E2664D /* Resources */ = {
			isa = PBXResourcesBuildPhase;
			buildActionMask = 2147483647;
			files = (
				462292AB225F009C00E2664D /* Main.storyboard in Resources */,
				462292A2225F009C00E2664D /* GameScene.sks in Resources */,
				46ADD8CC2261A0FE00B59D7E /* FireParticles.sks in Resources */,
				462292AD225F009D00E2664D /* Assets.xcassets in Resources */,
				462292B0225F009D00E2664D /* LaunchScreen.storyboard in Resources */,
			);
			runOnlyForDeploymentPostprocessing = 0;
		};
/* End PBXResourcesBuildPhase section */

/* Begin PBXSourcesBuildPhase section */
		46229298225F009C00E2664D /* Sources */ = {
			isa = PBXSourcesBuildPhase;
			buildActionMask = 2147483647;
			files = (
				462292A6225F009C00E2664D /* GameScene.swift in Sources */,
				462292A8225F009C00E2664D /* GameViewController.swift in Sources */,
				462292A0225F009C00E2664D /* AppDelegate.swift in Sources */,
			);
			runOnlyForDeploymentPostprocessing = 0;
		};
/* End PBXSourcesBuildPhase section */

/* Begin PBXVariantGroup section */
		462292A9225F009C00E2664D /* Main.storyboard */ = {
			isa = PBXVariantGroup;
			children = (
				462292AA225F009C00E2664D /* Base */,
			);
			name = Main.storyboard;
			sourceTree = "<group>";
		};
		462292AE225F009D00E2664D /* LaunchScreen.storyboard */ = {
			isa = PBXVariantGroup;
			children = (
				462292AF225F009D00E2664D /* Base */,
			);
			name = LaunchScreen.storyboard;
			sourceTree = "<group>";
		};
/* End PBXVariantGroup section */

/* Begin XCBuildConfiguration section */
		462292B2225F009D00E2664D /* Debug */ = {
			isa = XCBuildConfiguration;
			buildSettings = {
				ALWAYS_SEARCH_USER_PATHS = NO;
				CLANG_ANALYZER_NONNULL = YES;
				CLANG_ANALYZER_NUMBER_OBJECT_CONVERSION = YES_AGGRESSIVE;
				CLANG_CXX_LANGUAGE_STANDARD = "gnu++14";
				CLANG_CXX_LIBRARY = "libc++";
				CLANG_ENABLE_MODULES = YES;
				CLANG_ENABLE_OBJC_ARC = YES;
				CLANG_ENABLE_OBJC_WEAK = YES;
				CLANG_WARN_BLOCK_CAPTURE_AUTORELEASING = YES;
				CLANG_WARN_BOOL_CONVERSION = YES;
				CLANG_WARN_COMMA = YES;
				CLANG_WARN_CONSTANT_CONVERSION = YES;
				CLANG_WARN_DEPRECATED_OBJC_IMPLEMENTATIONS = YES;
				CLANG_WARN_DIRECT_OBJC_ISA_USAGE = YES_ERROR;
				CLANG_WARN_DOCUMENTATION_COMMENTS = YES;
				CLANG_WARN_EMPTY_BODY = YES;
				CLANG_WARN_ENUM_CONVERSION = YES;
				CLANG_WARN_INFINITE_RECURSION = YES;
				CLANG_WARN_INT_CONVERSION = YES;
				CLANG_WARN_NON_LITERAL_NULL_CONVERSION = YES;
				CLANG_WARN_OBJC_IMPLICIT_RETAIN_SELF = YES;
				CLANG_WARN_OBJC_LITERAL_CONVERSION = YES;
				CLANG_WARN_OBJC_ROOT_CLASS = YES_ERROR;
				CLANG_WARN_RANGE_LOOP_ANALYSIS = YES;
				CLANG_WARN_STRICT_PROTOTYPES = YES;
				CLANG_WARN_SUSPICIOUS_MOVE = YES;
				CLANG_WARN_UNGUARDED_AVAILABILITY = YES_AGGRESSIVE;
				CLANG_WARN_UNREACHABLE_CODE = YES;
				CLANG_WARN__DUPLICATE_METHOD_MATCH = YES;
				CODE_SIGN_IDENTITY = "iPhone Developer";
				COPY_PHASE_STRIP = NO;
				DEBUG_INFORMATION_FORMAT = dwarf;
				ENABLE_STRICT_OBJC_MSGSEND = YES;
				ENABLE_TESTABILITY = YES;
				GCC_C_LANGUAGE_STANDARD = gnu11;
				GCC_DYNAMIC_NO_PIC = NO;
				GCC_NO_COMMON_BLOCKS = YES;
				GCC_OPTIMIZATION_LEVEL = 0;
				GCC_PREPROCESSOR_DEFINITIONS = (
					"DEBUG=1",
					"$(inherited)",
				);
				GCC_WARN_64_TO_32_BIT_CONVERSION = YES;
				GCC_WARN_ABOUT_RETURN_TYPE = YES_ERROR;
				GCC_WARN_UNDECLARED_SELECTOR = YES;
				GCC_WARN_UNINITIALIZED_AUTOS = YES_AGGRESSIVE;
				GCC_WARN_UNUSED_FUNCTION = YES;
				GCC_WARN_UNUSED_VARIABLE = YES;
				IPHONEOS_DEPLOYMENT_TARGET = 12.2;
				MTL_ENABLE_DEBUG_INFO = INCLUDE_SOURCE;
				MTL_FAST_MATH = YES;
				ONLY_ACTIVE_ARCH = YES;
				SDKROOT = iphoneos;
				SWIFT_ACTIVE_COMPILATION_CONDITIONS = DEBUG;
				SWIFT_OPTIMIZATION_LEVEL = "-Onone";
			};
			name = Debug;
		};
		462292B3225F009D00E2664D /* Release */ = {
			isa = XCBuildConfiguration;
			buildSettings = {
				ALWAYS_SEARCH_USER_PATHS = NO;
				CLANG_ANALYZER_NONNULL = YES;
				CLANG_ANALYZER_NUMBER_OBJECT_CONVERSION = YES_AGGRESSIVE;
				CLANG_CXX_LANGUAGE_STANDARD = "gnu++14";
				CLANG_CXX_LIBRARY = "libc++";
				CLANG_ENABLE_MODULES = YES;
				CLANG_ENABLE_OBJC_ARC = YES;
				CLANG_ENABLE_OBJC_WEAK = YES;
				CLANG_WARN_BLOCK_CAPTURE_AUTORELEASING = YES;
				CLANG_WARN_BOOL_CONVERSION = YES;
				CLANG_WARN_COMMA = YES;
				CLANG_WARN_CONSTANT_CONVERSION = YES;
				CLANG_WARN_DEPRECATED_OBJC_IMPLEMENTATIONS = YES;
				CLANG_WARN_DIRECT_OBJC_ISA_USAGE = YES_ERROR;
				CLANG_WARN_DOCUMENTATION_COMMENTS = YES;
				CLANG_WARN_EMPTY_BODY = YES;
				CLANG_WARN_ENUM_CONVERSION = YES;
				CLANG_WARN_INFINITE_RECURSION = YES;
				CLANG_WARN_INT_CONVERSION = YES;
				CLANG_WARN_NON_LITERAL_NULL_CONVERSION = YES;
				CLANG_WARN_OBJC_IMPLICIT_RETAIN_SELF = YES;
				CLANG_WARN_OBJC_LITERAL_CONVERSION = YES;
				CLANG_WARN_OBJC_ROOT_CLASS = YES_ERROR;
				CLANG_WARN_RANGE_LOOP_ANALYSIS = YES;
				CLANG_WARN_STRICT_PROTOTYPES = YES;
				CLANG_WARN_SUSPICIOUS_MOVE = YES;
				CLANG_WARN_UNGUARDED_AVAILABILITY = YES_AGGRESSIVE;
				CLANG_WARN_UNREACHABLE_CODE = YES;
				CLANG_WARN__DUPLICATE_METHOD_MATCH = YES;
				CODE_SIGN_IDENTITY = "iPhone Developer";
				COPY_PHASE_STRIP = NO;
				DEBUG_INFORMATION_FORMAT = "dwarf-with-dsym";
				ENABLE_NS_ASSERTIONS = NO;
				ENABLE_STRICT_OBJC_MSGSEND = YES;
				GCC_C_LANGUAGE_STANDARD = gnu11;
				GCC_NO_COMMON_BLOCKS = YES;
				GCC_WARN_64_TO_32_BIT_CONVERSION = YES;
				GCC_WARN_ABOUT_RETURN_TYPE = YES_ERROR;
				GCC_WARN_UNDECLARED_SELECTOR = YES;
				GCC_WARN_UNINITIALIZED_AUTOS = YES_AGGRESSIVE;
				GCC_WARN_UNUSED_FUNCTION = YES;
				GCC_WARN_UNUSED_VARIABLE = YES;
				IPHONEOS_DEPLOYMENT_TARGET = 12.2;
				MTL_ENABLE_DEBUG_INFO = NO;
				MTL_FAST_MATH = YES;
				SDKROOT = iphoneos;
				SWIFT_COMPILATION_MODE = wholemodule;
				SWIFT_OPTIMIZATION_LEVEL = "-O";
				VALIDATE_PRODUCT = YES;
			};
			name = Release;
		};
		462292B5225F009D00E2664D /* Debug */ = {
			isa = XCBuildConfiguration;
			buildSettings = {
				ASSETCATALOG_COMPILER_APPICON_NAME = AppIcon;
				CODE_SIGN_STYLE = Automatic;
				INFOPLIST_FILE = Project11/Info.plist;
				LD_RUNPATH_SEARCH_PATHS = (
					"$(inherited)",
					"@executable_path/Frameworks",
				);
				PRODUCT_BUNDLE_IDENTIFIER = com.ljrocha.Project11;
				PRODUCT_NAME = "$(TARGET_NAME)";
				SWIFT_VERSION = 5.0;
				TARGETED_DEVICE_FAMILY = 2;
			};
			name = Debug;
		};
		462292B6225F009D00E2664D /* Release */ = {
			isa = XCBuildConfiguration;
			buildSettings = {
				ASSETCATALOG_COMPILER_APPICON_NAME = AppIcon;
				CODE_SIGN_STYLE = Automatic;
				INFOPLIST_FILE = Project11/Info.plist;
				LD_RUNPATH_SEARCH_PATHS = (
					"$(inherited)",
					"@executable_path/Frameworks",
				);
				PRODUCT_BUNDLE_IDENTIFIER = com.ljrocha.Project11;
				PRODUCT_NAME = "$(TARGET_NAME)";
				SWIFT_VERSION = 5.0;
				TARGETED_DEVICE_FAMILY = 2;
			};
			name = Release;
		};
/* End XCBuildConfiguration section */

/* Begin XCConfigurationList section */
		46229297225F009C00E2664D /* Build configuration list for PBXProject "Project11" */ = {
			isa = XCConfigurationList;
			buildConfigurations = (
				462292B2225F009D00E2664D /* Debug */,
				462292B3225F009D00E2664D /* Release */,
			);
			defaultConfigurationIsVisible = 0;
			defaultConfigurationName = Release;
		};
		462292B4225F009D00E2664D /* Build configuration list for PBXNativeTarget "Project11" */ = {
			isa = XCConfigurationList;
			buildConfigurations = (
				462292B5225F009D00E2664D /* Debug */,
				462292B6225F009D00E2664D /* Release */,
			);
			defaultConfigurationIsVisible = 0;
			defaultConfigurationName = Release;
		};
/* End XCConfigurationList section */
	};
	rootObject = 46229294225F009C00E2664D /* Project object */;
}
