// !$*UTF8*$!
{
	archiveVersion = 1;
	classes = {
	};
	objectVersion = 50;
	objects = {

/* Begin PBXBuildFile section */
		461341FE228BC97900E7EAAF /* AppDelegate.swift in Sources */ = {isa = PBXBuildFile; fileRef = 461341FD228BC97900E7EAAF /* AppDelegate.swift */; };
		46134200228BC97900E7EAAF /* ViewController.swift in Sources */ = {isa = PBXBuildFile; fileRef = 461341FF228BC97900E7EAAF /* ViewController.swift */; };
		46134203228BC97900E7EAAF /* Main.storyboard in Resources */ = {isa = PBXBuildFile; fileRef = 46134201228BC97900E7EAAF /* Main.storyboard */; };
		46134205228BC97A00E7EAAF /* Assets.xcassets in Resources */ = {isa = PBXBuildFile; fileRef = 46134204228BC97A00E7EAAF /* Assets.xcassets */; };
		46134208228BC97A00E7EAAF /* LaunchScreen.storyboard in Resources */ = {isa = PBXBuildFile; fileRef = 46134206228BC97A00E7EAAF /* LaunchScreen.storyboard */; };
		46134210228BCAA300E7EAAF /* Note.swift in Sources */ = {isa = PBXBuildFile; fileRef = 4613420F228BCAA300E7EAAF /* Note.swift */; };
		46134212228BCCC700E7EAAF /* DetailViewController.swift in Sources */ = {isa = PBXBuildFile; fileRef = 46134211228BCCC700E7EAAF /* DetailViewController.swift */; };
/* End PBXBuildFile section */

/* Begin PBXFileReference section */
		461341FA228BC97900E7EAAF /* MilestoneProjects19-21.app */ = {isa = PBXFileReference; explicitFileType = wrapper.application; includeInIndex = 0; path = "MilestoneProjects19-21.app"; sourceTree = BUILT_PRODUCTS_DIR; };
		461341FD228BC97900E7EAAF /* AppDelegate.swift */ = {isa = PBXFileReference; lastKnownFileType = sourcecode.swift; path = AppDelegate.swift; sourceTree = "<group>"; };
		461341FF228BC97900E7EAAF /* ViewController.swift */ = {isa = PBXFileReference; lastKnownFileType = sourcecode.swift; path = ViewController.swift; sourceTree = "<group>"; };
		46134202228BC97900E7EAAF /* Base */ = {isa = PBXFileReference; lastKnownFileType = file.storyboard; name = Base; path = Base.lproj/Main.storyboard; sourceTree = "<group>"; };
		46134204228BC97A00E7EAAF /* Assets.xcassets */ = {isa = PBXFileReference; lastKnownFileType = folder.assetcatalog; path = Assets.xcassets; sourceTree = "<group>"; };
		46134207228BC97A00E7EAAF /* Base */ = {isa = PBXFileReference; lastKnownFileType = file.storyboard; name = Base; path = Base.lproj/LaunchScreen.storyboard; sourceTree = "<group>"; };
		46134209228BC97A00E7EAAF /* Info.plist */ = {isa = PBXFileReference; lastKnownFileType = text.plist.xml; path = Info.plist; sourceTree = "<group>"; };
		4613420F228BCAA300E7EAAF /* Note.swift */ = {isa = PBXFileReference; lastKnownFileType = sourcecode.swift; path = Note.swift; sourceTree = "<group>"; };
		46134211228BCCC700E7EAAF /* DetailViewController.swift */ = {isa = PBXFileReference; lastKnownFileType = sourcecode.swift; path = DetailViewController.swift; sourceTree = "<group>"; };
/* End PBXFileReference section */

/* Begin PBXFrameworksBuildPhase section */
		461341F7228BC97900E7EAAF /* Frameworks */ = {
			isa = PBXFrameworksBuildPhase;
			buildActionMask = 2147483647;
			files = (
			);
			runOnlyForDeploymentPostprocessing = 0;
		};
/* End PBXFrameworksBuildPhase section */

/* Begin PBXGroup section */
		461341F1228BC97900E7EAAF = {
			isa = PBXGroup;
			children = (
				461341FC228BC97900E7EAAF /* MilestoneProjects19-21 */,
				461341FB228BC97900E7EAAF /* Products */,
			);
			sourceTree = "<group>";
		};
		461341FB228BC97900E7EAAF /* Products */ = {
			isa = PBXGroup;
			children = (
				461341FA228BC97900E7EAAF /* MilestoneProjects19-21.app */,
			);
			name = Products;
			sourceTree = "<group>";
		};
		461341FC228BC97900E7EAAF /* MilestoneProjects19-21 */ = {
			isa = PBXGroup;
			children = (
				461341FD228BC97900E7EAAF /* AppDelegate.swift */,
				461341FF228BC97900E7EAAF /* ViewController.swift */,
				46134211228BCCC700E7EAAF /* DetailViewController.swift */,
				46134201228BC97900E7EAAF /* Main.storyboard */,
				4613420F228BCAA300E7EAAF /* Note.swift */,
				46134204228BC97A00E7EAAF /* Assets.xcassets */,
				46134206228BC97A00E7EAAF /* LaunchScreen.storyboard */,
				46134209228BC97A00E7EAAF /* Info.plist */,
			);
			path = "MilestoneProjects19-21";
			sourceTree = "<group>";
		};
/* End PBXGroup section */

/* Begin PBXNativeTarget section */
		461341F9228BC97900E7EAAF /* MilestoneProjects19-21 */ = {
			isa = PBXNativeTarget;
			buildConfigurationList = 4613420C228BC97A00E7EAAF /* Build configuration list for PBXNativeTarget "MilestoneProjects19-21" */;
			buildPhases = (
				461341F6228BC97900E7EAAF /* Sources */,
				461341F7228BC97900E7EAAF /* Frameworks */,
				461341F8228BC97900E7EAAF /* Resources */,
			);
			buildRules = (
			);
			dependencies = (
			);
			name = "MilestoneProjects19-21";
			productName = "MilestoneProjects19-21";
			productReference = 461341FA228BC97900E7EAAF /* MilestoneProjects19-21.app */;
			productType = "com.apple.product-type.application";
		};
/* End PBXNativeTarget section */

/* Begin PBXProject section */
		461341F2228BC97900E7EAAF /* Project object */ = {
			isa = PBXProject;
			attributes = {
				LastSwiftUpdateCheck = 1020;
				LastUpgradeCheck = 1020;
				ORGANIZATIONNAME = "Leandro Rocha";
				TargetAttributes = {
					461341F9228BC97900E7EAAF = {
						CreatedOnToolsVersion = 10.2.1;
					};
				};
			};
			buildConfigurationList = 461341F5228BC97900E7EAAF /* Build configuration list for PBXProject "MilestoneProjects19-21" */;
			compatibilityVersion = "Xcode 9.3";
			developmentRegion = en;
			hasScannedForEncodings = 0;
			knownRegions = (
				en,
				Base,
			);
			mainGroup = 461341F1228BC97900E7EAAF;
			productRefGroup = 461341FB228BC97900E7EAAF /* Products */;
			projectDirPath = "";
			projectRoot = "";
			targets = (
				461341F9228BC97900E7EAAF /* MilestoneProjects19-21 */,
			);
		};
/* End PBXProject section */

/* Begin PBXResourcesBuildPhase section */
		461341F8228BC97900E7EAAF /* Resources */ = {
			isa = PBXResourcesBuildPhase;
			buildActionMask = 2147483647;
			files = (
				46134208228BC97A00E7EAAF /* LaunchScreen.storyboard in Resources */,
				46134205228BC97A00E7EAAF /* Assets.xcassets in Resources */,
				46134203228BC97900E7EAAF /* Main.storyboard in Resources */,
			);
			runOnlyForDeploymentPostprocessing = 0;
		};
/* End PBXResourcesBuildPhase section */

/* Begin PBXSourcesBuildPhase section */
		461341F6228BC97900E7EAAF /* Sources */ = {
			isa = PBXSourcesBuildPhase;
			buildActionMask = 2147483647;
			files = (
				46134200228BC97900E7EAAF /* ViewController.swift in Sources */,
				461341FE228BC97900E7EAAF /* AppDelegate.swift in Sources */,
				46134210228BCAA300E7EAAF /* Note.swift in Sources */,
				46134212228BCCC700E7EAAF /* DetailViewController.swift in Sources */,
			);
			runOnlyForDeploymentPostprocessing = 0;
		};
/* End PBXSourcesBuildPhase section */

/* Begin PBXVariantGroup section */
		46134201228BC97900E7EAAF /* Main.storyboard */ = {
			isa = PBXVariantGroup;
			children = (
				46134202228BC97900E7EAAF /* Base */,
			);
			name = Main.storyboard;
			sourceTree = "<group>";
		};
		46134206228BC97A00E7EAAF /* LaunchScreen.storyboard */ = {
			isa = PBXVariantGroup;
			children = (
				46134207228BC97A00E7EAAF /* Base */,
			);
			name = LaunchScreen.storyboard;
			sourceTree = "<group>";
		};
/* End PBXVariantGroup section */

/* Begin XCBuildConfiguration section */
		4613420A228BC97A00E7EAAF /* Debug */ = {
			isa = XCBuildConfiguration;
			buildSettings = {
				ALWAYS_SEARCH_USER_PATHS = NO;
				CLANG_ANALYZER_NONNULL = YES;
				CLANG_ANALYZER_NUMBER_OBJECT_CONVERSION = YES_AGGRESSIVE;
				CLANG_CXX_LANGUAGE_STANDARD = "gnu++14";
				CLANG_CXX_LIBRARY = "libc++";
				CLANG_ENABLE_MODULES = YES;
				CLANG_ENABLE_OBJC_ARC = YES;
				CLANG_ENABLE_OBJC_WEAK = YES;
				CLANG_WARN_BLOCK_CAPTURE_AUTORELEASING = YES;
				CLANG_WARN_BOOL_CONVERSION = YES;
				CLANG_WARN_COMMA = YES;
				CLANG_WARN_CONSTANT_CONVERSION = YES;
				CLANG_WARN_DEPRECATED_OBJC_IMPLEMENTATIONS = YES;
				CLANG_WARN_DIRECT_OBJC_ISA_USAGE = YES_ERROR;
				CLANG_WARN_DOCUMENTATION_COMMENTS = YES;
				CLANG_WARN_EMPTY_BODY = YES;
				CLANG_WARN_ENUM_CONVERSION = YES;
				CLANG_WARN_INFINITE_RECURSION = YES;
				CLANG_WARN_INT_CONVERSION = YES;
				CLANG_WARN_NON_LITERAL_NULL_CONVERSION = YES;
				CLANG_WARN_OBJC_IMPLICIT_RETAIN_SELF = YES;
				CLANG_WARN_OBJC_LITERAL_CONVERSION = YES;
				CLANG_WARN_OBJC_ROOT_CLASS = YES_ERROR;
				CLANG_WARN_RANGE_LOOP_ANALYSIS = YES;
				CLANG_WARN_STRICT_PROTOTYPES = YES;
				CLANG_WARN_SUSPICIOUS_MOVE = YES;
				CLANG_WARN_UNGUARDED_AVAILABILITY = YES_AGGRESSIVE;
				CLANG_WARN_UNREACHABLE_CODE = YES;
				CLANG_WARN__DUPLICATE_METHOD_MATCH = YES;
				CODE_SIGN_IDENTITY = "iPhone Developer";
				COPY_PHASE_STRIP = NO;
				DEBUG_INFORMATION_FORMAT = dwarf;
				ENABLE_STRICT_OBJC_MSGSEND = YES;
				ENABLE_TESTABILITY = YES;
				GCC_C_LANGUAGE_STANDARD = gnu11;
				GCC_DYNAMIC_NO_PIC = NO;
				GCC_NO_COMMON_BLOCKS = YES;
				GCC_OPTIMIZATION_LEVEL = 0;
				GCC_PREPROCESSOR_DEFINITIONS = (
					"DEBUG=1",
					"$(inherited)",
				);
				GCC_WARN_64_TO_32_BIT_CONVERSION = YES;
				GCC_WARN_ABOUT_RETURN_TYPE = YES_ERROR;
				GCC_WARN_UNDECLARED_SELECTOR = YES;
				GCC_WARN_UNINITIALIZED_AUTOS = YES_AGGRESSIVE;
				GCC_WARN_UNUSED_FUNCTION = YES;
				GCC_WARN_UNUSED_VARIABLE = YES;
				IPHONEOS_DEPLOYMENT_TARGET = 12.2;
				MTL_ENABLE_DEBUG_INFO = INCLUDE_SOURCE;
				MTL_FAST_MATH = YES;
				ONLY_ACTIVE_ARCH = YES;
				SDKROOT = iphoneos;
				SWIFT_ACTIVE_COMPILATION_CONDITIONS = DEBUG;
				SWIFT_OPTIMIZATION_LEVEL = "-Onone";
			};
			name = Debug;
		};
		4613420B228BC97A00E7EAAF /* Release */ = {
			isa = XCBuildConfiguration;
			buildSettings = {
				ALWAYS_SEARCH_USER_PATHS = NO;
				CLANG_ANALYZER_NONNULL = YES;
				CLANG_ANALYZER_NUMBER_OBJECT_CONVERSION = YES_AGGRESSIVE;
				CLANG_CXX_LANGUAGE_STANDARD = "gnu++14";
				CLANG_CXX_LIBRARY = "libc++";
				CLANG_ENABLE_MODULES = YES;
				CLANG_ENABLE_OBJC_ARC = YES;
				CLANG_ENABLE_OBJC_WEAK = YES;
				CLANG_WARN_BLOCK_CAPTURE_AUTORELEASING = YES;
				CLANG_WARN_BOOL_CONVERSION = YES;
				CLANG_WARN_COMMA = YES;
				CLANG_WARN_CONSTANT_CONVERSION = YES;
				CLANG_WARN_DEPRECATED_OBJC_IMPLEMENTATIONS = YES;
				CLANG_WARN_DIRECT_OBJC_ISA_USAGE = YES_ERROR;
				CLANG_WARN_DOCUMENTATION_COMMENTS = YES;
				CLANG_WARN_EMPTY_BODY = YES;
				CLANG_WARN_ENUM_CONVERSION = YES;
				CLANG_WARN_INFINITE_RECURSION = YES;
				CLANG_WARN_INT_CONVERSION = YES;
				CLANG_WARN_NON_LITERAL_NULL_CONVERSION = YES;
				CLANG_WARN_OBJC_IMPLICIT_RETAIN_SELF = YES;
				CLANG_WARN_OBJC_LITERAL_CONVERSION = YES;
				CLANG_WARN_OBJC_ROOT_CLASS = YES_ERROR;
				CLANG_WARN_RANGE_LOOP_ANALYSIS = YES;
				CLANG_WARN_STRICT_PROTOTYPES = YES;
				CLANG_WARN_SUSPICIOUS_MOVE = YES;
				CLANG_WARN_UNGUARDED_AVAILABILITY = YES_AGGRESSIVE;
				CLANG_WARN_UNREACHABLE_CODE = YES;
				CLANG_WARN__DUPLICATE_METHOD_MATCH = YES;
				CODE_SIGN_IDENTITY = "iPhone Developer";
				COPY_PHASE_STRIP = NO;
				DEBUG_INFORMATION_FORMAT = "dwarf-with-dsym";
				ENABLE_NS_ASSERTIONS = NO;
				ENABLE_STRICT_OBJC_MSGSEND = YES;
				GCC_C_LANGUAGE_STANDARD = gnu11;
				GCC_NO_COMMON_BLOCKS = YES;
				GCC_WARN_64_TO_32_BIT_CONVERSION = YES;
				GCC_WARN_ABOUT_RETURN_TYPE = YES_ERROR;
				GCC_WARN_UNDECLARED_SELECTOR = YES;
				GCC_WARN_UNINITIALIZED_AUTOS = YES_AGGRESSIVE;
				GCC_WARN_UNUSED_FUNCTION = YES;
				GCC_WARN_UNUSED_VARIABLE = YES;
				IPHONEOS_DEPLOYMENT_TARGET = 12.2;
				MTL_ENABLE_DEBUG_INFO = NO;
				MTL_FAST_MATH = YES;
				SDKROOT = iphoneos;
				SWIFT_COMPILATION_MODE = wholemodule;
				SWIFT_OPTIMIZATION_LEVEL = "-O";
				VALIDATE_PRODUCT = YES;
			};
			name = Release;
		};
		4613420D228BC97A00E7EAAF /* Debug */ = {
			isa = XCBuildConfiguration;
			buildSettings = {
				ASSETCATALOG_COMPILER_APPICON_NAME = AppIcon;
				CODE_SIGN_STYLE = Automatic;
				INFOPLIST_FILE = "MilestoneProjects19-21/Info.plist";
				LD_RUNPATH_SEARCH_PATHS = (
					"$(inherited)",
					"@executable_path/Frameworks",
				);
				PRODUCT_BUNDLE_IDENTIFIER = "com.ljrocha.MilestoneProjects19-21";
				PRODUCT_NAME = "$(TARGET_NAME)";
				SWIFT_VERSION = 5.0;
				TARGETED_DEVICE_FAMILY = "1,2";
			};
			name = Debug;
		};
		4613420E228BC97A00E7EAAF /* Release */ = {
			isa = XCBuildConfiguration;
			buildSettings = {
				ASSETCATALOG_COMPILER_APPICON_NAME = AppIcon;
				CODE_SIGN_STYLE = Automatic;
				INFOPLIST_FILE = "MilestoneProjects19-21/Info.plist";
				LD_RUNPATH_SEARCH_PATHS = (
					"$(inherited)",
					"@executable_path/Frameworks",
				);
				PRODUCT_BUNDLE_IDENTIFIER = "com.ljrocha.MilestoneProjects19-21";
				PRODUCT_NAME = "$(TARGET_NAME)";
				SWIFT_VERSION = 5.0;
				TARGETED_DEVICE_FAMILY = "1,2";
			};
			name = Release;
		};
/* End XCBuildConfiguration section */

/* Begin XCConfigurationList section */
		461341F5228BC97900E7EAAF /* Build configuration list for PBXProject "MilestoneProjects19-21" */ = {
			isa = XCConfigurationList;
			buildConfigurations = (
				4613420A228BC97A00E7EAAF /* Debug */,
				4613420B228BC97A00E7EAAF /* Release */,
			);
			defaultConfigurationIsVisible = 0;
			defaultConfigurationName = Release;
		};
		4613420C228BC97A00E7EAAF /* Build configuration list for PBXNativeTarget "MilestoneProjects19-21" */ = {
			isa = XCConfigurationList;
			buildConfigurations = (
				4613420D228BC97A00E7EAAF /* Debug */,
				4613420E228BC97A00E7EAAF /* Release */,
			);
			defaultConfigurationIsVisible = 0;
			defaultConfigurationName = Release;
		};
/* End XCConfigurationList section */
	};
	rootObject = 461341F2228BC97900E7EAAF /* Project object */;
}
